
Microsoft Visual Studio Solution File, Format Version 12.00
# Visual Studio Version 17
VisualStudioVersion = 17.8.34408.163
MinimumVisualStudioVersion = 10.0.40219.1
Project("{9A19103F-16F7-4668-BE54-9A1E7A4F7556}") = "Intex", "Intex\Intex.csproj", "{42E6E442-D6FD-4084-9F04-6687C724399D}"
EndProject
Global
	GlobalSection(SolutionConfigurationPlatforms) = preSolution
		Debug|Any CPU = Debug|Any CPU
		Release|Any CPU = Release|Any CPU
	EndGlobalSection
	GlobalSection(ProjectConfigurationPlatforms) = postSolution
		{42E6E442-D6FD-4084-9F04-6687C724399D}.Debug|Any CPU.ActiveCfg = Debug|Any CPU
		{42E6E442-D6FD-4084-9F04-6687C724399D}.Debug|Any CPU.Build.0 = Debug|Any CPU
		{42E6E442-D6FD-4084-9F04-6687C724399D}.Release|Any CPU.ActiveCfg = Release|Any CPU
		{42E6E442-D6FD-4084-9F04-6687C724399D}.Release|Any CPU.Build.0 = Release|Any CPU
	EndGlobalSection
	GlobalSection(SolutionProperties) = preSolution
		HideSolutionNode = FALSE
	EndGlobalSection
	GlobalSection(ExtensibilityGlobals) = postSolution
		SolutionGuid = {4E38D40D-D190-41B4-AB38-B57F8663C64C}
	EndGlobalSection
EndGlobal
